<?xml version="1.0" encoding="utf-8"?>
<Project ToolsVersion="4.0" xmlns="http://schemas.microsoft.com/developer/msbuild/2003">
  <ItemGroup>
    <Filter Include="소스 파일">
      <UniqueIdentifier>{4FC737F1-C7A5-4376-A066-2A32D752A2FF}</UniqueIdentifier>
      <Extensions>cpp;c;cc;cxx;c++;cppm;ixx;def;odl;idl;hpj;bat;asm;asmx</Extensions>
    </Filter>
    <Filter Include="헤더 파일">
      <UniqueIdentifier>{93995380-89BD-4b04-88EB-625FBE52EBFB}</UniqueIdentifier>
      <Extensions>h;hh;hpp;hxx;h++;hm;inl;inc;ipp;xsd</Extensions>
    </Filter>
    <Filter Include="리소스 파일">
      <UniqueIdentifier>{67DA6AB6-F800-4c08-8B7A-83BB121AAD01}</UniqueIdentifier>
      <Extensions>rc;ico;cur;bmp;dlg;rc2;rct;bin;rgs;gif;jpg;jpeg;jpe;resx;tiff;tif;png;wav;mfcribbon-ms</Extensions>
    </Filter>
  </ItemGroup>
  <ItemGroup>
    <ClInclude Include="GymManagementSystem.h">
      <Filter>헤더 파일</Filter>
    </ClInclude>
    <ClInclude Include="GymManagementSystemDlg.h">
      <Filter>헤더 파일</Filter>
    </ClInclude>
    <ClInclude Include="framework.h">
      <Filter>헤더 파일</Filter>
    </ClInclude>
    <ClInclude Include="targetver.h">
      <Filter>헤더 파일</Filter>
    </ClInclude>
    <ClInclude Include="Resource.h">
      <Filter>헤더 파일</Filter>
    </ClInclude>
    <ClInclude Include="pch.h">
      <Filter>헤더 파일</Filter>
    </ClInclude>
    <ClInclude Include="CSelectDlg.h">
      <Filter>헤더 파일</Filter>
    </ClInclude>
    <ClInclude Include="DBController.h">
      <Filter>헤더 파일</Filter>
    </ClInclude>
    <ClInclude Include="CSelTab1.h">
      <Filter>헤더 파일</Filter>
    </ClInclude>
    <ClInclude Include="CSelTab2.h">
      <Filter>헤더 파일</Filter>
    </ClInclude>
    <ClInclude Include="CSelTab3.h">
      <Filter>헤더 파일</Filter>
    </ClInclude>
    <ClInclude Include="CSelTab4.h">
      <Filter>헤더 파일</Filter>
    </ClInclude>
    <ClInclude Include="CSelTab5.h">
      <Filter>헤더 파일</Filter>
    </ClInclude>
    <ClInclude Include="CSchemaDlg.h">
      <Filter>헤더 파일</Filter>
    </ClInclude>
    <ClInclude Include="CInsertDlg.h">
      <Filter>헤더 파일</Filter>
    </ClInclude>
    <ClInclude Include="CUpdTab1.h">
      <Filter>헤더 파일</Filter>
    </ClInclude>
    <ClInclude Include="CUpdTab2.h">
      <Filter>헤더 파일</Filter>
    </ClInclude>
    <ClInclude Include="CUpdTab3.h">
      <Filter>헤더 파일</Filter>
    </ClInclude>
    <ClInclude Include="CUpdTab4.h">
      <Filter>헤더 파일</Filter>
    </ClInclude>
    <ClInclude Include="CUpdateDlg.h">
      <Filter>헤더 파일</Filter>
    </ClInclude>
    <ClInclude Include="CDelTab1.h">
      <Filter>헤더 파일</Filter>
    </ClInclude>
    <ClInclude Include="CDelTab2.h">
      <Filter>헤더 파일</Filter>
    </ClInclude>
    <ClInclude Include="CDelTab3.h">
      <Filter>헤더 파일</Filter>
    </ClInclude>
    <ClInclude Include="CDelTab4.h">
      <Filter>헤더 파일</Filter>
    </ClInclude>
    <ClInclude Include="CDelDlg.h">
      <Filter>헤더 파일</Filter>
    </ClInclude>
    <ClInclude Include="CCustomDlg.h">
      <Filter>헤더 파일</Filter>
    </ClInclude>
    <ClInclude Include="CCusTab1.h">
      <Filter>헤더 파일</Filter>
    </ClInclude>
    <ClInclude Include="CCusTab2.h">
      <Filter>헤더 파일</Filter>
    </ClInclude>
    <ClInclude Include="CCusTab3.h">
      <Filter>헤더 파일</Filter>
    </ClInclude>
    <ClInclude Include="CCusTab4.h">
      <Filter>헤더 파일</Filter>
    </ClInclude>
    <ClInclude Include="CCusTab0.h">
      <Filter>헤더 파일</Filter>
    </ClInclude>
    <ClInclude Include="CusTab5.h">
      <Filter>헤더 파일</Filter>
    </ClInclude>
  </ItemGroup>
  <ItemGroup>
    <ClCompile Include="GymManagementSystem.cpp">
      <Filter>소스 파일</Filter>
    </ClCompile>
    <ClCompile Include="GymManagementSystemDlg.cpp">
      <Filter>소스 파일</Filter>
    </ClCompile>
    <ClCompile Include="pch.cpp">
      <Filter>소스 파일</Filter>
    </ClCompile>
    <ClCompile Include="CSelectDlg.cpp">
      <Filter>소스 파일</Filter>
    </ClCompile>
    <ClCompile Include="DBController.cpp">
      <Filter>소스 파일</Filter>
    </ClCompile>
    <ClCompile Include="CSelTab1.cpp">
      <Filter>소스 파일</Filter>
    </ClCompile>
    <ClCompile Include="CSelTab2.cpp">
      <Filter>소스 파일</Filter>
    </ClCompile>
    <ClCompile Include="CSelTab3.cpp">
      <Filter>소스 파일</Filter>
    </ClCompile>
    <ClCompile Include="CSelTab4.cpp">
      <Filter>소스 파일</Filter>
    </ClCompile>
    <ClCompile Include="CSelTab5.cpp">
      <Filter>소스 파일</Filter>
    </ClCompile>
    <ClCompile Include="CSchemaDlg.cpp">
      <Filter>소스 파일</Filter>
    </ClCompile>
    <ClCompile Include="CInsertDlg.cpp">
      <Filter>소스 파일</Filter>
    </ClCompile>
    <ClCompile Include="CUpdTab1.cpp">
      <Filter>소스 파일</Filter>
    </ClCompile>
    <ClCompile Include="CUpdTab2.cpp">
      <Filter>소스 파일</Filter>
    </ClCompile>
    <ClCompile Include="CUpdTab3.cpp">
      <Filter>소스 파일</Filter>
    </ClCompile>
    <ClCompile Include="CUpdTab4.cpp">
      <Filter>소스 파일</Filter>
    </ClCompile>
    <ClCompile Include="CUpdateDlg.cpp">
      <Filter>소스 파일</Filter>
    </ClCompile>
    <ClCompile Include="CDelTab1.cpp">
      <Filter>소스 파일</Filter>
    </ClCompile>
    <ClCompile Include="CDelTab2.cpp">
      <Filter>소스 파일</Filter>
    </ClCompile>
    <ClCompile Include="CDelTab3.cpp">
      <Filter>소스 파일</Filter>
    </ClCompile>
    <ClCompile Include="CDelTab4.cpp">
      <Filter>소스 파일</Filter>
    </ClCompile>
    <ClCompile Include="CDelDlg.cpp">
      <Filter>소스 파일</Filter>
    </ClCompile>
    <ClCompile Include="CCustomDlg.cpp">
      <Filter>소스 파일</Filter>
    </ClCompile>
    <ClCompile Include="CCusTab1.cpp">
      <Filter>소스 파일</Filter>
    </ClCompile>
    <ClCompile Include="CCusTab2.cpp">
      <Filter>소스 파일</Filter>
    </ClCompile>
    <ClCompile Include="CCusTab3.cpp">
      <Filter>소스 파일</Filter>
    </ClCompile>
    <ClCompile Include="CCusTab4.cpp">
      <Filter>소스 파일</Filter>
    </ClCompile>
    <ClCompile Include="CCusTab0.cpp">
      <Filter>소스 파일</Filter>
    </ClCompile>
    <ClCompile Include="CusTab5.cpp">
      <Filter>소스 파일</Filter>
    </ClCompile>
  </ItemGroup>
  <ItemGroup>
    <ResourceCompile Include="GymManagementSystem.rc">
      <Filter>리소스 파일</Filter>
    </ResourceCompile>
  </ItemGroup>
  <ItemGroup>
    <None Include="res\GymManagementSystem.rc2">
      <Filter>리소스 파일</Filter>
    </None>
  </ItemGroup>
  <ItemGroup>
    <Image Include="res\GymManagementSystem.ico">
      <Filter>리소스 파일</Filter>
    </Image>
  </ItemGroup>
</Project>